[root]
name = "rls-analysis"
version = "0.1.0"
dependencies = [
 "derive-new 0.3.0 (registry+https://github.com/rust-lang/crates.io-index)",
 "log 0.3.7 (registry+https://github.com/rust-lang/crates.io-index)",
 "rls-data 0.3.0 (registry+https://github.com/rust-lang/crates.io-index)",
 "rls-span 0.2.0 (registry+https://github.com/rust-lang/crates.io-index)",
 "rustc-serialize 0.3.23 (registry+https://github.com/rust-lang/crates.io-index)",
]

[[package]]
name = "derive-new"
version = "0.3.0"
source = "registry+https://github.com/rust-lang/crates.io-index"
dependencies = [
 "quote 0.2.3 (registry+https://github.com/rust-lang/crates.io-index)",
 "syn 0.8.7 (registry+https://github.com/rust-lang/crates.io-index)",
]

[[package]]
name = "log"
version = "0.3.7"
source = "registry+https://github.com/rust-lang/crates.io-index"

[[package]]
name = "quote"
version = "0.2.3"
source = "registry+https://github.com/rust-lang/crates.io-index"

[[package]]
name = "rls-data"
version = "0.3.0"
source = "registry+https://github.com/rust-lang/crates.io-index"
dependencies = [
 "rls-span 0.2.0 (registry+https://github.com/rust-lang/crates.io-index)",
 "rustc-serialize 0.3.23 (registry+https://github.com/rust-lang/crates.io-index)",
]

[[package]]
name = "rls-span"
version = "0.2.0"
source = "registry+https://github.com/rust-lang/crates.io-index"
dependencies = [
 "rustc-serialize 0.3.23 (registry+https://github.com/rust-lang/crates.io-index)",
]

[[package]]
name = "rustc-serialize"
version = "0.3.23"
source = "registry+https://github.com/rust-lang/crates.io-index"

[[package]]
name = "syn"
version = "0.8.7"
source = "registry+https://github.com/rust-lang/crates.io-index"
dependencies = [
 "quote 0.2.3 (registry+https://github.com/rust-lang/crates.io-index)",
 "unicode-xid 0.0.3 (registry+https://github.com/rust-lang/crates.io-index)",
]

[[package]]
name = "unicode-xid"
version = "0.0.3"
source = "registry+https://github.com/rust-lang/crates.io-index"

[metadata]
"checksum derive-new 0.3.0 (registry+https://github.com/rust-lang/crates.io-index)" = "41be6ca3b99e0c0483fb2389685448f650459c3ecbe4e18d7705d8010ec4ab8e"
"checksum log 0.3.7 (registry+https://github.com/rust-lang/crates.io-index)" = "5141eca02775a762cc6cd564d8d2c50f67c0ea3a372cbf1c51592b3e029e10ad"
"checksum quote 0.2.3 (registry+https://github.com/rust-lang/crates.io-index)" = "4c5cf478fe1006dbcc72567121d23dbdae5f1632386068c5c86ff4f645628504"
"checksum rls-data 0.3.0 (registry+https://github.com/rust-lang/crates.io-index)" = "117918856dc195b821b8ec318b0296b55351f599efc1d7a21aa8f60c41a6a994"
"checksum rls-span 0.2.0 (registry+https://github.com/rust-lang/crates.io-index)" = "7e9d1439344e479d34a956b97789067ac0812dab21f68d19bd227806d880916e"
"checksum rustc-serialize 0.3.23 (registry+https://github.com/rust-lang/crates.io-index)" = "684ce48436d6465300c9ea783b6b14c4361d6b8dcbb1375b486a69cc19e2dfb0"
"checksum syn 0.8.7 (registry+https://github.com/rust-lang/crates.io-index)" = "6ae6fb0dcc9bd85f89a1a4adc0df2fd90c90c98849d61433983dd7a9df6363f7"
"checksum unicode-xid 0.0.3 (registry+https://github.com/rust-lang/crates.io-index)" = "36dff09cafb4ec7c8cf0023eb0b686cb6ce65499116a12201c9e11840ca01beb"
